// !$*UTF8*$!
{
	archiveVersion = 1;
	classes = {
	};
	objectVersion = 48;
	objects = {

/* Begin PBXBuildFile section */
		02A76720EEF7AD50DB5BED59 /* Pods_Smack.framework in Frameworks */ = {isa = PBXBuildFile; fileRef = C771CAAE87CEB8E50D248A81 /* Pods_Smack.framework */; };
		042E7F771F7D8AFA0004E693 /* Constants.swift in Sources */ = {isa = PBXBuildFile; fileRef = 042E7F761F7D8AFA0004E693 /* Constants.swift */; };
		042E7F791F7D90090004E693 /* LoginVC.swift in Sources */ = {isa = PBXBuildFile; fileRef = 042E7F781F7D90090004E693 /* LoginVC.swift */; };
		042E7F7B1F7D94360004E693 /* CreateAccountVC.swift in Sources */ = {isa = PBXBuildFile; fileRef = 042E7F7A1F7D94360004E693 /* CreateAccountVC.swift */; };
		042E7F7E1F7DC0080004E693 /* AuthService.swift in Sources */ = {isa = PBXBuildFile; fileRef = 042E7F7D1F7DC0080004E693 /* AuthService.swift */; };
		042E7F801F7DD4690004E693 /* RoundedButton.swift in Sources */ = {isa = PBXBuildFile; fileRef = 042E7F7F1F7DD4690004E693 /* RoundedButton.swift */; };
		042E7F821F7DE1140004E693 /* UserDataService.swift in Sources */ = {isa = PBXBuildFile; fileRef = 042E7F811F7DE1140004E693 /* UserDataService.swift */; };
		0445774C1F7EEB7900235692 /* ProfileVC.swift in Sources */ = {isa = PBXBuildFile; fileRef = 0445774A1F7EEB7900235692 /* ProfileVC.swift */; };
		0445774D1F7EEB7900235692 /* ProfileVC.xib in Resources */ = {isa = PBXBuildFile; fileRef = 0445774B1F7EEB7900235692 /* ProfileVC.xib */; };
		044577501F7F3B8500235692 /* MessageService.swift in Sources */ = {isa = PBXBuildFile; fileRef = 0445774F1F7F3B8500235692 /* MessageService.swift */; };
		044577521F7F3CA500235692 /* Channel.swift in Sources */ = {isa = PBXBuildFile; fileRef = 044577511F7F3CA500235692 /* Channel.swift */; };
		044577541F7F4C2400235692 /* ChannelCell.swift in Sources */ = {isa = PBXBuildFile; fileRef = 044577531F7F4C2400235692 /* ChannelCell.swift */; };
		045669FC1F7DF4E300D6FE4E /* AvatarPickerVC.swift in Sources */ = {isa = PBXBuildFile; fileRef = 045669FB1F7DF4E300D6FE4E /* AvatarPickerVC.swift */; };
		045669FE1F7DF7A000D6FE4E /* AvatarCell.swift in Sources */ = {isa = PBXBuildFile; fileRef = 045669FD1F7DF7A000D6FE4E /* AvatarCell.swift */; };
		04566A001F7E053500D6FE4E /* CircleImage.swift in Sources */ = {isa = PBXBuildFile; fileRef = 045669FF1F7E053500D6FE4E /* CircleImage.swift */; };
		04C67F4B1F80335400831B49 /* AddChannelVC.swift in Sources */ = {isa = PBXBuildFile; fileRef = 04C67F491F80335400831B49 /* AddChannelVC.swift */; };
		04C67F4C1F80335400831B49 /* AddChannelVC.xib in Resources */ = {isa = PBXBuildFile; fileRef = 04C67F4A1F80335400831B49 /* AddChannelVC.xib */; };
		04C67F4E1F804C1200831B49 /* SocketService.swift in Sources */ = {isa = PBXBuildFile; fileRef = 04C67F4D1F804C1200831B49 /* SocketService.swift */; };
		04C67F501F8081EC00831B49 /* Message.swift in Sources */ = {isa = PBXBuildFile; fileRef = 04C67F4F1F8081EC00831B49 /* Message.swift */; };
		04D3CB5A1F7C83E4004A7015 /* AppDelegate.swift in Sources */ = {isa = PBXBuildFile; fileRef = 04D3CB591F7C83E4004A7015 /* AppDelegate.swift */; };
		04D3CB5F1F7C83E4004A7015 /* Main.storyboard in Resources */ = {isa = PBXBuildFile; fileRef = 04D3CB5D1F7C83E4004A7015 /* Main.storyboard */; };
		04D3CB611F7C83E4004A7015 /* Assets.xcassets in Resources */ = {isa = PBXBuildFile; fileRef = 04D3CB601F7C83E4004A7015 /* Assets.xcassets */; };
		04D3CB641F7C83E4004A7015 /* LaunchScreen.storyboard in Resources */ = {isa = PBXBuildFile; fileRef = 04D3CB621F7C83E4004A7015 /* LaunchScreen.storyboard */; };
		04D3CB731F7C93C5004A7015 /* ChatVC.swift in Sources */ = {isa = PBXBuildFile; fileRef = 04D3CB721F7C93C5004A7015 /* ChatVC.swift */; };
		04D3CB751F7C93E1004A7015 /* ChannelVC.swift in Sources */ = {isa = PBXBuildFile; fileRef = 04D3CB741F7C93E1004A7015 /* ChannelVC.swift */; };
		04D3CB791F7CB7E2004A7015 /* SWRevealViewController.h in Sources */ = {isa = PBXBuildFile; fileRef = 04D3CB6E1F7C9045004A7015 /* SWRevealViewController.h */; };
		04D3CB7A1F7CB7E2004A7015 /* SWRevealViewController.m in Sources */ = {isa = PBXBuildFile; fileRef = 04D3CB6D1F7C9044004A7015 /* SWRevealViewController.m */; };
		04D3CB7B1F7CB7E2004A7015 /* Smack-Bridging-Header.h in Sources */ = {isa = PBXBuildFile; fileRef = 04D3CB6C1F7C9044004A7015 /* Smack-Bridging-Header.h */; };
		04D3CB7D1F7CBF30004A7015 /* GradientView.swift in Sources */ = {isa = PBXBuildFile; fileRef = 04D3CB7C1F7CBF30004A7015 /* GradientView.swift */; };
/* End PBXBuildFile section */

/* Begin PBXFileReference section */
		042E7F761F7D8AFA0004E693 /* Constants.swift */ = {isa = PBXFileReference; lastKnownFileType = sourcecode.swift; path = Constants.swift; sourceTree = "<group>"; };
		042E7F781F7D90090004E693 /* LoginVC.swift */ = {isa = PBXFileReference; lastKnownFileType = sourcecode.swift; path = LoginVC.swift; sourceTree = "<group>"; };
		042E7F7A1F7D94360004E693 /* CreateAccountVC.swift */ = {isa = PBXFileReference; lastKnownFileType = sourcecode.swift; path = CreateAccountVC.swift; sourceTree = "<group>"; };
		042E7F7D1F7DC0080004E693 /* AuthService.swift */ = {isa = PBXFileReference; lastKnownFileType = sourcecode.swift; path = AuthService.swift; sourceTree = "<group>"; };
		042E7F7F1F7DD4690004E693 /* RoundedButton.swift */ = {isa = PBXFileReference; lastKnownFileType = sourcecode.swift; path = RoundedButton.swift; sourceTree = "<group>"; };
		042E7F811F7DE1140004E693 /* UserDataService.swift */ = {isa = PBXFileReference; lastKnownFileType = sourcecode.swift; path = UserDataService.swift; sourceTree = "<group>"; };
		0445774A1F7EEB7900235692 /* ProfileVC.swift */ = {isa = PBXFileReference; lastKnownFileType = sourcecode.swift; path = ProfileVC.swift; sourceTree = "<group>"; };
		0445774B1F7EEB7900235692 /* ProfileVC.xib */ = {isa = PBXFileReference; lastKnownFileType = file.xib; path = ProfileVC.xib; sourceTree = "<group>"; };
		0445774F1F7F3B8500235692 /* MessageService.swift */ = {isa = PBXFileReference; lastKnownFileType = sourcecode.swift; path = MessageService.swift; sourceTree = "<group>"; };
		044577511F7F3CA500235692 /* Channel.swift */ = {isa = PBXFileReference; lastKnownFileType = sourcecode.swift; path = Channel.swift; sourceTree = "<group>"; };
		044577531F7F4C2400235692 /* ChannelCell.swift */ = {isa = PBXFileReference; lastKnownFileType = sourcecode.swift; path = ChannelCell.swift; sourceTree = "<group>"; };
		045669FB1F7DF4E300D6FE4E /* AvatarPickerVC.swift */ = {isa = PBXFileReference; lastKnownFileType = sourcecode.swift; path = AvatarPickerVC.swift; sourceTree = "<group>"; };
		045669FD1F7DF7A000D6FE4E /* AvatarCell.swift */ = {isa = PBXFileReference; lastKnownFileType = sourcecode.swift; path = AvatarCell.swift; sourceTree = "<group>"; };
		045669FF1F7E053500D6FE4E /* CircleImage.swift */ = {isa = PBXFileReference; lastKnownFileType = sourcecode.swift; path = CircleImage.swift; sourceTree = "<group>"; };
		04C67F491F80335400831B49 /* AddChannelVC.swift */ = {isa = PBXFileReference; lastKnownFileType = sourcecode.swift; path = AddChannelVC.swift; sourceTree = "<group>"; };
		04C67F4A1F80335400831B49 /* AddChannelVC.xib */ = {isa = PBXFileReference; lastKnownFileType = file.xib; path = AddChannelVC.xib; sourceTree = "<group>"; };
		04C67F4D1F804C1200831B49 /* SocketService.swift */ = {isa = PBXFileReference; lastKnownFileType = sourcecode.swift; path = SocketService.swift; sourceTree = "<group>"; };
		04C67F4F1F8081EC00831B49 /* Message.swift */ = {isa = PBXFileReference; lastKnownFileType = sourcecode.swift; path = Message.swift; sourceTree = "<group>"; };
		04D3CB561F7C83E4004A7015 /* Smack.app */ = {isa = PBXFileReference; explicitFileType = wrapper.application; includeInIndex = 0; path = Smack.app; sourceTree = BUILT_PRODUCTS_DIR; };
		04D3CB591F7C83E4004A7015 /* AppDelegate.swift */ = {isa = PBXFileReference; lastKnownFileType = sourcecode.swift; path = AppDelegate.swift; sourceTree = "<group>"; };
		04D3CB5E1F7C83E4004A7015 /* Base */ = {isa = PBXFileReference; lastKnownFileType = file.storyboard; name = Base; path = Base.lproj/Main.storyboard; sourceTree = "<group>"; };
		04D3CB601F7C83E4004A7015 /* Assets.xcassets */ = {isa = PBXFileReference; lastKnownFileType = folder.assetcatalog; path = Assets.xcassets; sourceTree = "<group>"; };
		04D3CB631F7C83E4004A7015 /* Base */ = {isa = PBXFileReference; lastKnownFileType = file.storyboard; name = Base; path = Base.lproj/LaunchScreen.storyboard; sourceTree = "<group>"; };
		04D3CB651F7C83E4004A7015 /* Info.plist */ = {isa = PBXFileReference; lastKnownFileType = text.plist.xml; path = Info.plist; sourceTree = "<group>"; };
		04D3CB6C1F7C9044004A7015 /* Smack-Bridging-Header.h */ = {isa = PBXFileReference; lastKnownFileType = sourcecode.c.h; path = "Smack-Bridging-Header.h"; sourceTree = "<group>"; };
		04D3CB6D1F7C9044004A7015 /* SWRevealViewController.m */ = {isa = PBXFileReference; lastKnownFileType = sourcecode.c.objc; path = SWRevealViewController.m; sourceTree = "<group>"; };
		04D3CB6E1F7C9045004A7015 /* SWRevealViewController.h */ = {isa = PBXFileReference; lastKnownFileType = sourcecode.c.h; path = SWRevealViewController.h; sourceTree = "<group>"; };
		04D3CB721F7C93C5004A7015 /* ChatVC.swift */ = {isa = PBXFileReference; lastKnownFileType = sourcecode.swift; path = ChatVC.swift; sourceTree = "<group>"; };
		04D3CB741F7C93E1004A7015 /* ChannelVC.swift */ = {isa = PBXFileReference; lastKnownFileType = sourcecode.swift; path = ChannelVC.swift; sourceTree = "<group>"; };
		04D3CB7C1F7CBF30004A7015 /* GradientView.swift */ = {isa = PBXFileReference; lastKnownFileType = sourcecode.swift; path = GradientView.swift; sourceTree = "<group>"; };
		B83DFD443B5342F3169190F6 /* Pods-Smack.release.xcconfig */ = {isa = PBXFileReference; includeInIndex = 1; lastKnownFileType = text.xcconfig; name = "Pods-Smack.release.xcconfig"; path = "Pods/Target Support Files/Pods-Smack/Pods-Smack.release.xcconfig"; sourceTree = "<group>"; };
		C771CAAE87CEB8E50D248A81 /* Pods_Smack.framework */ = {isa = PBXFileReference; explicitFileType = wrapper.framework; includeInIndex = 0; path = Pods_Smack.framework; sourceTree = BUILT_PRODUCTS_DIR; };
		D7568FD90BD4F5E3F5A13050 /* Pods-Smack.debug.xcconfig */ = {isa = PBXFileReference; includeInIndex = 1; lastKnownFileType = text.xcconfig; name = "Pods-Smack.debug.xcconfig"; path = "Pods/Target Support Files/Pods-Smack/Pods-Smack.debug.xcconfig"; sourceTree = "<group>"; };
/* End PBXFileReference section */

/* Begin PBXFrameworksBuildPhase section */
		04D3CB531F7C83E4004A7015 /* Frameworks */ = {
			isa = PBXFrameworksBuildPhase;
			buildActionMask = 2147483647;
			files = (
				02A76720EEF7AD50DB5BED59 /* Pods_Smack.framework in Frameworks */,
			);
			runOnlyForDeploymentPostprocessing = 0;
		};
/* End PBXFrameworksBuildPhase section */

/* Begin PBXGroup section */
		042E7F751F7D8AD40004E693 /* Utilities */ = {
			isa = PBXGroup;
			children = (
				042E7F761F7D8AFA0004E693 /* Constants.swift */,
			);
			path = Utilities;
			sourceTree = "<group>";
		};
		042E7F7C1F7DBFDE0004E693 /* Services */ = {
			isa = PBXGroup;
			children = (
				042E7F7D1F7DC0080004E693 /* AuthService.swift */,
				042E7F811F7DE1140004E693 /* UserDataService.swift */,
				0445774F1F7F3B8500235692 /* MessageService.swift */,
				04C67F4D1F804C1200831B49 /* SocketService.swift */,
			);
			path = Services;
			sourceTree = "<group>";
		};
		0445774E1F7EEB9E00235692 /* XIBs */ = {
			isa = PBXGroup;
			children = (
				0445774B1F7EEB7900235692 /* ProfileVC.xib */,
				04C67F4A1F80335400831B49 /* AddChannelVC.xib */,
			);
			path = XIBs;
			sourceTree = "<group>";
		};
		04D3CB4D1F7C83E3004A7015 = {
			isa = PBXGroup;
			children = (
				04D3CB581F7C83E4004A7015 /* Smack */,
				04D3CB571F7C83E4004A7015 /* Products */,
				620149446C9D3B3BC57F26A3 /* Pods */,
				B953AB055197CD454A1AD32D /* Frameworks */,
			);
			sourceTree = "<group>";
		};
		04D3CB571F7C83E4004A7015 /* Products */ = {
			isa = PBXGroup;
			children = (
				04D3CB561F7C83E4004A7015 /* Smack.app */,
			);
			name = Products;
			sourceTree = "<group>";
		};
		04D3CB581F7C83E4004A7015 /* Smack */ = {
			isa = PBXGroup;
			children = (
				0445774E1F7EEB9E00235692 /* XIBs */,
				042E7F7C1F7DBFDE0004E693 /* Services */,
				042E7F751F7D8AD40004E693 /* Utilities */,
				04D3CB711F7C938C004A7015 /* Model */,
				04D3CB701F7C9385004A7015 /* View */,
				04D3CB6F1F7C937C004A7015 /* Controller */,
				04D3CB6B1F7C9016004A7015 /* Supporting Files */,
				04D3CB591F7C83E4004A7015 /* AppDelegate.swift */,
				04D3CB5D1F7C83E4004A7015 /* Main.storyboard */,
				04D3CB601F7C83E4004A7015 /* Assets.xcassets */,
				04D3CB621F7C83E4004A7015 /* LaunchScreen.storyboard */,
				04D3CB651F7C83E4004A7015 /* Info.plist */,
			);
			path = Smack;
			sourceTree = "<group>";
		};
		04D3CB6B1F7C9016004A7015 /* Supporting Files */ = {
			isa = PBXGroup;
			children = (
				04D3CB6E1F7C9045004A7015 /* SWRevealViewController.h */,
				04D3CB6D1F7C9044004A7015 /* SWRevealViewController.m */,
				04D3CB6C1F7C9044004A7015 /* Smack-Bridging-Header.h */,
			);
			path = "Supporting Files";
			sourceTree = "<group>";
		};
		04D3CB6F1F7C937C004A7015 /* Controller */ = {
			isa = PBXGroup;
			children = (
				04D3CB721F7C93C5004A7015 /* ChatVC.swift */,
				04D3CB741F7C93E1004A7015 /* ChannelVC.swift */,
				042E7F781F7D90090004E693 /* LoginVC.swift */,
				042E7F7A1F7D94360004E693 /* CreateAccountVC.swift */,
				045669FB1F7DF4E300D6FE4E /* AvatarPickerVC.swift */,
				0445774A1F7EEB7900235692 /* ProfileVC.swift */,
				04C67F491F80335400831B49 /* AddChannelVC.swift */,
			);
			path = Controller;
			sourceTree = "<group>";
		};
		04D3CB701F7C9385004A7015 /* View */ = {
			isa = PBXGroup;
			children = (
				04D3CB7C1F7CBF30004A7015 /* GradientView.swift */,
				042E7F7F1F7DD4690004E693 /* RoundedButton.swift */,
				045669FD1F7DF7A000D6FE4E /* AvatarCell.swift */,
				045669FF1F7E053500D6FE4E /* CircleImage.swift */,
				044577531F7F4C2400235692 /* ChannelCell.swift */,
			);
			path = View;
			sourceTree = "<group>";
		};
		04D3CB711F7C938C004A7015 /* Model */ = {
			isa = PBXGroup;
			children = (
				044577511F7F3CA500235692 /* Channel.swift */,
				04C67F4F1F8081EC00831B49 /* Message.swift */,
			);
			path = Model;
			sourceTree = "<group>";
		};
		620149446C9D3B3BC57F26A3 /* Pods */ = {
			isa = PBXGroup;
			children = (
				D7568FD90BD4F5E3F5A13050 /* Pods-Smack.debug.xcconfig */,
				B83DFD443B5342F3169190F6 /* Pods-Smack.release.xcconfig */,
			);
			name = Pods;
			sourceTree = "<group>";
		};
		B953AB055197CD454A1AD32D /* Frameworks */ = {
			isa = PBXGroup;
			children = (
				C771CAAE87CEB8E50D248A81 /* Pods_Smack.framework */,
			);
			name = Frameworks;
			sourceTree = "<group>";
		};
/* End PBXGroup section */

/* Begin PBXNativeTarget section */
		04D3CB551F7C83E4004A7015 /* Smack */ = {
			isa = PBXNativeTarget;
			buildConfigurationList = 04D3CB681F7C83E4004A7015 /* Build configuration list for PBXNativeTarget "Smack" */;
			buildPhases = (
				7EDF2C0C7FC9070DCDACD21F /* [CP] Check Pods Manifest.lock */,
				04D3CB521F7C83E4004A7015 /* Sources */,
				04D3CB531F7C83E4004A7015 /* Frameworks */,
				04D3CB541F7C83E4004A7015 /* Resources */,
				1B48F2B381123929374F9CBB /* [CP] Embed Pods Frameworks */,
				57BB02695C8AB9732D72F94B /* [CP] Copy Pods Resources */,
			);
			buildRules = (
			);
			dependencies = (
			);
			name = Smack;
			productName = Smack;
			productReference = 04D3CB561F7C83E4004A7015 /* Smack.app */;
			productType = "com.apple.product-type.application";
		};
/* End PBXNativeTarget section */

/* Begin PBXProject section */
		04D3CB4E1F7C83E3004A7015 /* Project object */ = {
			isa = PBXProject;
			attributes = {
				LastSwiftUpdateCheck = 0900;
				LastUpgradeCheck = 0900;
				ORGANIZATIONNAME = AlphaApplications;
				TargetAttributes = {
					04D3CB551F7C83E4004A7015 = {
						CreatedOnToolsVersion = 9.0;
						LastSwiftMigration = 0900;
						ProvisioningStyle = Automatic;
					};
				};
			};
			buildConfigurationList = 04D3CB511F7C83E3004A7015 /* Build configuration list for PBXProject "Smack" */;
			compatibilityVersion = "Xcode 8.0";
			developmentRegion = en;
			hasScannedForEncodings = 0;
			knownRegions = (
				en,
				Base,
			);
			mainGroup = 04D3CB4D1F7C83E3004A7015;
			productRefGroup = 04D3CB571F7C83E4004A7015 /* Products */;
			projectDirPath = "";
			projectRoot = "";
			targets = (
				04D3CB551F7C83E4004A7015 /* Smack */,
			);
		};
/* End PBXProject section */

/* Begin PBXResourcesBuildPhase section */
		04D3CB541F7C83E4004A7015 /* Resources */ = {
			isa = PBXResourcesBuildPhase;
			buildActionMask = 2147483647;
			files = (
				04C67F4C1F80335400831B49 /* AddChannelVC.xib in Resources */,
				0445774D1F7EEB7900235692 /* ProfileVC.xib in Resources */,
				04D3CB641F7C83E4004A7015 /* LaunchScreen.storyboard in Resources */,
				04D3CB611F7C83E4004A7015 /* Assets.xcassets in Resources */,
				04D3CB5F1F7C83E4004A7015 /* Main.storyboard in Resources */,
			);
			runOnlyForDeploymentPostprocessing = 0;
		};
/* End PBXResourcesBuildPhase section */

/* Begin PBXShellScriptBuildPhase section */
		1B48F2B381123929374F9CBB /* [CP] Embed Pods Frameworks */ = {
			isa = PBXShellScriptBuildPhase;
			buildActionMask = 2147483647;
			files = (
			);
			inputPaths = (
			);
			name = "[CP] Embed Pods Frameworks";
			outputPaths = (
			);
			runOnlyForDeploymentPostprocessing = 0;
			shellPath = /bin/sh;
			shellScript = "\"${SRCROOT}/Pods/Target Support Files/Pods-Smack/Pods-Smack-frameworks.sh\"\n";
			showEnvVarsInLog = 0;
		};
		57BB02695C8AB9732D72F94B /* [CP] Copy Pods Resources */ = {
			isa = PBXShellScriptBuildPhase;
			buildActionMask = 2147483647;
			files = (
			);
			inputPaths = (
			);
			name = "[CP] Copy Pods Resources";
			outputPaths = (
			);
			runOnlyForDeploymentPostprocessing = 0;
			shellPath = /bin/sh;
			shellScript = "\"${SRCROOT}/Pods/Target Support Files/Pods-Smack/Pods-Smack-resources.sh\"\n";
			showEnvVarsInLog = 0;
		};
		7EDF2C0C7FC9070DCDACD21F /* [CP] Check Pods Manifest.lock */ = {
			isa = PBXShellScriptBuildPhase;
			buildActionMask = 2147483647;
			files = (
			);
			inputPaths = (
			);
			name = "[CP] Check Pods Manifest.lock";
			outputPaths = (
			);
			runOnlyForDeploymentPostprocessing = 0;
			shellPath = /bin/sh;
			shellScript = "diff \"${PODS_ROOT}/../Podfile.lock\" \"${PODS_ROOT}/Manifest.lock\" > /dev/null\nif [ $? != 0 ] ; then\n    # print error to STDERR\n    echo \"error: The sandbox is not in sync with the Podfile.lock. Run 'pod install' or update your CocoaPods installation.\" >&2\n    exit 1\nfi\n";
			showEnvVarsInLog = 0;
		};
/* End PBXShellScriptBuildPhase section */

/* Begin PBXSourcesBuildPhase section */
		04D3CB521F7C83E4004A7015 /* Sources */ = {
			isa = PBXSourcesBuildPhase;
			buildActionMask = 2147483647;
			files = (
				04D3CB791F7CB7E2004A7015 /* SWRevealViewController.h in Sources */,
				04566A001F7E053500D6FE4E /* CircleImage.swift in Sources */,
				044577521F7F3CA500235692 /* Channel.swift in Sources */,
				042E7F821F7DE1140004E693 /* UserDataService.swift in Sources */,
				04D3CB7A1F7CB7E2004A7015 /* SWRevealViewController.m in Sources */,
				04D3CB7B1F7CB7E2004A7015 /* Smack-Bridging-Header.h in Sources */,
				045669FE1F7DF7A000D6FE4E /* AvatarCell.swift in Sources */,
				04D3CB731F7C93C5004A7015 /* ChatVC.swift in Sources */,
				04D3CB7D1F7CBF30004A7015 /* GradientView.swift in Sources */,
				04C67F4B1F80335400831B49 /* AddChannelVC.swift in Sources */,
				044577541F7F4C2400235692 /* ChannelCell.swift in Sources */,
				042E7F791F7D90090004E693 /* LoginVC.swift in Sources */,
				04D3CB751F7C93E1004A7015 /* ChannelVC.swift in Sources */,
				042E7F801F7DD4690004E693 /* RoundedButton.swift in Sources */,
				04D3CB5A1F7C83E4004A7015 /* AppDelegate.swift in Sources */,
				042E7F7B1F7D94360004E693 /* CreateAccountVC.swift in Sources */,
				04C67F4E1F804C1200831B49 /* SocketService.swift in Sources */,
				04C67F501F8081EC00831B49 /* Message.swift in Sources */,
				044577501F7F3B8500235692 /* MessageService.swift in Sources */,
				0445774C1F7EEB7900235692 /* ProfileVC.swift in Sources */,
				045669FC1F7DF4E300D6FE4E /* AvatarPickerVC.swift in Sources */,
				042E7F771F7D8AFA0004E693 /* Constants.swift in Sources */,
				042E7F7E1F7DC0080004E693 /* AuthService.swift in Sources */,
			);
			runOnlyForDeploymentPostprocessing = 0;
		};
/* End PBXSourcesBuildPhase section */

/* Begin PBXVariantGroup section */
		04D3CB5D1F7C83E4004A7015 /* Main.storyboard */ = {
			isa = PBXVariantGroup;
			children = (
				04D3CB5E1F7C83E4004A7015 /* Base */,
			);
			name = Main.storyboard;
			sourceTree = "<group>";
		};
		04D3CB621F7C83E4004A7015 /* LaunchScreen.storyboard */ = {
			isa = PBXVariantGroup;
			children = (
				04D3CB631F7C83E4004A7015 /* Base */,
			);
			name = LaunchScreen.storyboard;
			sourceTree = "<group>";
		};
/* End PBXVariantGroup section */

/* Begin XCBuildConfiguration section */
		04D3CB661F7C83E4004A7015 /* Debug */ = {
			isa = XCBuildConfiguration;
			buildSettings = {
				ALWAYS_SEARCH_USER_PATHS = NO;
				CLANG_ANALYZER_NONNULL = YES;
				CLANG_ANALYZER_NUMBER_OBJECT_CONVERSION = YES_AGGRESSIVE;
				CLANG_CXX_LANGUAGE_STANDARD = "gnu++14";
				CLANG_CXX_LIBRARY = "libc++";
				CLANG_ENABLE_MODULES = YES;
				CLANG_ENABLE_OBJC_ARC = YES;
				CLANG_WARN_BLOCK_CAPTURE_AUTORELEASING = YES;
				CLANG_WARN_BOOL_CONVERSION = YES;
				CLANG_WARN_COMMA = YES;
				CLANG_WARN_CONSTANT_CONVERSION = YES;
				CLANG_WARN_DIRECT_OBJC_ISA_USAGE = YES_ERROR;
				CLANG_WARN_DOCUMENTATION_COMMENTS = YES;
				CLANG_WARN_EMPTY_BODY = YES;
				CLANG_WARN_ENUM_CONVERSION = YES;
				CLANG_WARN_INFINITE_RECURSION = YES;
				CLANG_WARN_INT_CONVERSION = YES;
				CLANG_WARN_NON_LITERAL_NULL_CONVERSION = YES;
				CLANG_WARN_OBJC_LITERAL_CONVERSION = YES;
				CLANG_WARN_OBJC_ROOT_CLASS = YES_ERROR;
				CLANG_WARN_RANGE_LOOP_ANALYSIS = YES;
				CLANG_WARN_STRICT_PROTOTYPES = YES;
				CLANG_WARN_SUSPICIOUS_MOVE = YES;
				CLANG_WARN_UNGUARDED_AVAILABILITY = YES_AGGRESSIVE;
				CLANG_WARN_UNREACHABLE_CODE = YES;
				CLANG_WARN__DUPLICATE_METHOD_MATCH = YES;
				CODE_SIGN_IDENTITY = "iPhone Developer";
				COPY_PHASE_STRIP = NO;
				DEBUG_INFORMATION_FORMAT = dwarf;
				ENABLE_STRICT_OBJC_MSGSEND = YES;
				ENABLE_TESTABILITY = YES;
				GCC_C_LANGUAGE_STANDARD = gnu11;
				GCC_DYNAMIC_NO_PIC = NO;
				GCC_NO_COMMON_BLOCKS = YES;
				GCC_OPTIMIZATION_LEVEL = 0;
				GCC_PREPROCESSOR_DEFINITIONS = (
					"DEBUG=1",
					"$(inherited)",
				);
				GCC_WARN_64_TO_32_BIT_CONVERSION = YES;
				GCC_WARN_ABOUT_RETURN_TYPE = YES_ERROR;
				GCC_WARN_UNDECLARED_SELECTOR = YES;
				GCC_WARN_UNINITIALIZED_AUTOS = YES_AGGRESSIVE;
				GCC_WARN_UNUSED_FUNCTION = YES;
				GCC_WARN_UNUSED_VARIABLE = YES;
				IPHONEOS_DEPLOYMENT_TARGET = 11.0;
				MTL_ENABLE_DEBUG_INFO = YES;
				ONLY_ACTIVE_ARCH = YES;
				SDKROOT = iphoneos;
				SWIFT_ACTIVE_COMPILATION_CONDITIONS = DEBUG;
				SWIFT_OPTIMIZATION_LEVEL = "-Onone";
			};
			name = Debug;
		};
		04D3CB671F7C83E4004A7015 /* Release */ = {
			isa = XCBuildConfiguration;
			buildSettings = {
				ALWAYS_SEARCH_USER_PATHS = NO;
				CLANG_ANALYZER_NONNULL = YES;
				CLANG_ANALYZER_NUMBER_OBJECT_CONVERSION = YES_AGGRESSIVE;
				CLANG_CXX_LANGUAGE_STANDARD = "gnu++14";
				CLANG_CXX_LIBRARY = "libc++";
				CLANG_ENABLE_MODULES = YES;
				CLANG_ENABLE_OBJC_ARC = YES;
				CLANG_WARN_BLOCK_CAPTURE_AUTORELEASING = YES;
				CLANG_WARN_BOOL_CONVERSION = YES;
				CLANG_WARN_COMMA = YES;
				CLANG_WARN_CONSTANT_CONVERSION = YES;
				CLANG_WARN_DIRECT_OBJC_ISA_USAGE = YES_ERROR;
				CLANG_WARN_DOCUMENTATION_COMMENTS = YES;
				CLANG_WARN_EMPTY_BODY = YES;
				CLANG_WARN_ENUM_CONVERSION = YES;
				CLANG_WARN_INFINITE_RECURSION = YES;
				CLANG_WARN_INT_CONVERSION = YES;
				CLANG_WARN_NON_LITERAL_NULL_CONVERSION = YES;
				CLANG_WARN_OBJC_LITERAL_CONVERSION = YES;
				CLANG_WARN_OBJC_ROOT_CLASS = YES_ERROR;
				CLANG_WARN_RANGE_LOOP_ANALYSIS = YES;
				CLANG_WARN_STRICT_PROTOTYPES = YES;
				CLANG_WARN_SUSPICIOUS_MOVE = YES;
				CLANG_WARN_UNGUARDED_AVAILABILITY = YES_AGGRESSIVE;
				CLANG_WARN_UNREACHABLE_CODE = YES;
				CLANG_WARN__DUPLICATE_METHOD_MATCH = YES;
				CODE_SIGN_IDENTITY = "iPhone Developer";
				COPY_PHASE_STRIP = NO;
				DEBUG_INFORMATION_FORMAT = "dwarf-with-dsym";
				ENABLE_NS_ASSERTIONS = NO;
				ENABLE_STRICT_OBJC_MSGSEND = YES;
				GCC_C_LANGUAGE_STANDARD = gnu11;
				GCC_NO_COMMON_BLOCKS = YES;
				GCC_WARN_64_TO_32_BIT_CONVERSION = YES;
				GCC_WARN_ABOUT_RETURN_TYPE = YES_ERROR;
				GCC_WARN_UNDECLARED_SELECTOR = YES;
				GCC_WARN_UNINITIALIZED_AUTOS = YES_AGGRESSIVE;
				GCC_WARN_UNUSED_FUNCTION = YES;
				GCC_WARN_UNUSED_VARIABLE = YES;
				IPHONEOS_DEPLOYMENT_TARGET = 11.0;
				MTL_ENABLE_DEBUG_INFO = NO;
				SDKROOT = iphoneos;
				SWIFT_OPTIMIZATION_LEVEL = "-Owholemodule";
				VALIDATE_PRODUCT = YES;
			};
			name = Release;
		};
		04D3CB691F7C83E4004A7015 /* Debug */ = {
			isa = XCBuildConfiguration;
			baseConfigurationReference = D7568FD90BD4F5E3F5A13050 /* Pods-Smack.debug.xcconfig */;
			buildSettings = {
				ASSETCATALOG_COMPILER_APPICON_NAME = AppIcon;
				CLANG_ENABLE_MODULES = YES;
				CODE_SIGN_STYLE = Automatic;
				DEVELOPMENT_TEAM = YQ9GWYBA6Y;
				INFOPLIST_FILE = Smack/Info.plist;
				LD_RUNPATH_SEARCH_PATHS = "$(inherited) @executable_path/Frameworks";
				PRODUCT_BUNDLE_IDENTIFIER = MGApps.Smack;
				PRODUCT_NAME = "$(TARGET_NAME)";
				SWIFT_OBJC_BRIDGING_HEADER = "./Smack/Supporting Files/Smack-Bridging-Header.h";
				SWIFT_OPTIMIZATION_LEVEL = "-Onone";
				SWIFT_VERSION = 4.0;
				TARGETED_DEVICE_FAMILY = "1,2";
			};
			name = Debug;
		};
		04D3CB6A1F7C83E4004A7015 /* Release */ = {
			isa = XCBuildConfiguration;
			baseConfigurationReference = B83DFD443B5342F3169190F6 /* Pods-Smack.release.xcconfig */;
			buildSettings = {
				ASSETCATALOG_COMPILER_APPICON_NAME = AppIcon;
				CLANG_ENABLE_MODULES = YES;
				CODE_SIGN_STYLE = Automatic;
				DEVELOPMENT_TEAM = YQ9GWYBA6Y;
				INFOPLIST_FILE = Smack/Info.plist;
				LD_RUNPATH_SEARCH_PATHS = "$(inherited) @executable_path/Frameworks";
				PRODUCT_BUNDLE_IDENTIFIER = MGApps.Smack;
				PRODUCT_NAME = "$(TARGET_NAME)";
				SWIFT_OBJC_BRIDGING_HEADER = "./Smack/Supporting Files/Smack-Bridging-Header.h";
				SWIFT_VERSION = 4.0;
				TARGETED_DEVICE_FAMILY = "1,2";
			};
			name = Release;
		};
/* End XCBuildConfiguration section */

/* Begin XCConfigurationList section */
		04D3CB511F7C83E3004A7015 /* Build configuration list for PBXProject "Smack" */ = {
			isa = XCConfigurationList;
			buildConfigurations = (
				04D3CB661F7C83E4004A7015 /* Debug */,
				04D3CB671F7C83E4004A7015 /* Release */,
			);
			defaultConfigurationIsVisible = 0;
			defaultConfigurationName = Release;
		};
		04D3CB681F7C83E4004A7015 /* Build configuration list for PBXNativeTarget "Smack" */ = {
			isa = XCConfigurationList;
			buildConfigurations = (
				04D3CB691F7C83E4004A7015 /* Debug */,
				04D3CB6A1F7C83E4004A7015 /* Release */,
			);
			defaultConfigurationIsVisible = 0;
			defaultConfigurationName = Release;
		};
/* End XCConfigurationList section */
	};
	rootObject = 04D3CB4E1F7C83E3004A7015 /* Project object */;
}
